
Microsoft Visual Studio Solution File, Format Version 12.00
# Visual Studio Version 17
VisualStudioVersion = 17.3.32901.215
MinimumVisualStudioVersion = 10.0.40219.1
Project("{FAE04EC0-301F-11D3-BF4B-00C04F79EFBC}") = "HW1_CodeRefresh", "HW1_CodeRefresh.csproj", "{11214AB0-1869-4AD2-9B7D-C1F992361135}"
EndProject
Global
	GlobalSection(SolutionConfigurationPlatforms) = preSolution
		Debug|Any CPU = Debug|Any CPU
		Release|Any CPU = Release|Any CPU
	EndGlobalSection
	GlobalSection(ProjectConfigurationPlatforms) = postSolution
		{11214AB0-1869-4AD2-9B7D-C1F992361135}.Debug|Any CPU.ActiveCfg = Debug|Any CPU
		{11214AB0-1869-4AD2-9B7D-C1F992361135}.Debug|Any CPU.Build.0 = Debug|Any CPU
		{11214AB0-1869-4AD2-9B7D-C1F992361135}.Release|Any CPU.ActiveCfg = Release|Any CPU
		{11214AB0-1869-4AD2-9B7D-C1F992361135}.Release|Any CPU.Build.0 = Release|Any CPU
	EndGlobalSection
	GlobalSection(SolutionProperties) = preSolution
		HideSolutionNode = FALSE
	EndGlobalSection
	GlobalSection(ExtensibilityGlobals) = postSolution
		SolutionGuid = {C6F2890C-51F6-4C43-A0DB-E598504F5426}
	EndGlobalSection
EndGlobal
